
Microsoft Visual Studio Solution File, Format Version 12.00
# Visual Studio Version 16
VisualStudioVersion = 16.0.30804.86
MinimumVisualStudioVersion = 10.0.40219.1
Project("{FAE04EC0-301F-11D3-BF4B-00C04F79EFBC}") = "ApiExyon", "ApiExyon.csproj", "{02437335-749B-49FC-AB64-93622213BDEB}"
EndProject
Global
	GlobalSection(SolutionConfigurationPlatforms) = preSolution
		Debug|Any CPU = Debug|Any CPU
		Release|Any CPU = Release|Any CPU
	EndGlobalSection
	GlobalSection(ProjectConfigurationPlatforms) = postSolution
		{02437335-749B-49FC-AB64-93622213BDEB}.Debug|Any CPU.ActiveCfg = Debug|Any CPU
		{02437335-749B-49FC-AB64-93622213BDEB}.Debug|Any CPU.Build.0 = Debug|Any CPU
		{02437335-749B-49FC-AB64-93622213BDEB}.Release|Any CPU.ActiveCfg = Release|Any CPU
		{02437335-749B-49FC-AB64-93622213BDEB}.Release|Any CPU.Build.0 = Release|Any CPU
	EndGlobalSection
	GlobalSection(SolutionProperties) = preSolution
		HideSolutionNode = FALSE
	EndGlobalSection
	GlobalSection(ExtensibilityGlobals) = postSolution
		SolutionGuid = {4D6AED49-8BB4-475F-9C44-CA23FD5B54A3}
	EndGlobalSection
EndGlobal
